
Microsoft Visual Studio Solution File, Format Version 12.00
# Visual Studio Version 17
VisualStudioVersion = 17.8.34330.188
MinimumVisualStudioVersion = 10.0.40219.1
Project("{FAE04EC0-301F-11D3-BF4B-00C04F79EFBC}") = "WebShops_", "WebShops_\WebShops_.csproj", "{B316A3C3-D05A-4ED6-B856-90D9DCC17FA5}"
EndProject
Project("{FAE04EC0-301F-11D3-BF4B-00C04F79EFBC}") = "Data", "Data\Data.csproj", "{28E1141F-19EA-4B93-8C13-88C4D3C3DFE6}"
EndProject
Project("{FAE04EC0-301F-11D3-BF4B-00C04F79EFBC}") = "Library", "Library\Library.csproj", "{0AE101E7-4BCB-4761-A650-9D27009C016F}"
EndProject
Global
	GlobalSection(SolutionConfigurationPlatforms) = preSolution
		Debug|Any CPU = Debug|Any CPU
		Release|Any CPU = Release|Any CPU
	EndGlobalSection
	GlobalSection(ProjectConfigurationPlatforms) = postSolution
		{B316A3C3-D05A-4ED6-B856-90D9DCC17FA5}.Debug|Any CPU.ActiveCfg = Debug|Any CPU
		{B316A3C3-D05A-4ED6-B856-90D9DCC17FA5}.Debug|Any CPU.Build.0 = Debug|Any CPU
		{B316A3C3-D05A-4ED6-B856-90D9DCC17FA5}.Release|Any CPU.ActiveCfg = Release|Any CPU
		{B316A3C3-D05A-4ED6-B856-90D9DCC17FA5}.Release|Any CPU.Build.0 = Release|Any CPU
		{28E1141F-19EA-4B93-8C13-88C4D3C3DFE6}.Debug|Any CPU.ActiveCfg = Debug|Any CPU
		{28E1141F-19EA-4B93-8C13-88C4D3C3DFE6}.Debug|Any CPU.Build.0 = Debug|Any CPU
		{28E1141F-19EA-4B93-8C13-88C4D3C3DFE6}.Release|Any CPU.ActiveCfg = Release|Any CPU
		{28E1141F-19EA-4B93-8C13-88C4D3C3DFE6}.Release|Any CPU.Build.0 = Release|Any CPU
		{0AE101E7-4BCB-4761-A650-9D27009C016F}.Debug|Any CPU.ActiveCfg = Debug|Any CPU
		{0AE101E7-4BCB-4761-A650-9D27009C016F}.Debug|Any CPU.Build.0 = Debug|Any CPU
		{0AE101E7-4BCB-4761-A650-9D27009C016F}.Release|Any CPU.ActiveCfg = Release|Any CPU
		{0AE101E7-4BCB-4761-A650-9D27009C016F}.Release|Any CPU.Build.0 = Release|Any CPU
	EndGlobalSection
	GlobalSection(SolutionProperties) = preSolution
		HideSolutionNode = FALSE
	EndGlobalSection
	GlobalSection(ExtensibilityGlobals) = postSolution
		SolutionGuid = {FB12EA7D-BD92-4D45-B599-F819B3C3D9C1}
	EndGlobalSection
EndGlobal
